
Microsoft Visual Studio Solution File, Format Version 12.00
# Visual Studio Version 17
VisualStudioVersion = 17.9.34728.123
MinimumVisualStudioVersion = 10.0.40219.1
Project("{FAE04EC0-301F-11D3-BF4B-00C04F79EFBC}") = "PruebaInterrapidisimo", "PruebaInterrapidisimo\PruebaInterrapidisimo.csproj", "{110A4390-972E-4428-89E4-36AB44A5A233}"
EndProject
Project("{FAE04EC0-301F-11D3-BF4B-00C04F79EFBC}") = "Repository", "Repository\Repository.csproj", "{7B53C481-53CD-4F3F-BDA7-C74298635CFB}"
EndProject
Project("{FAE04EC0-301F-11D3-BF4B-00C04F79EFBC}") = "Entities", "Entities\Entities.csproj", "{930CB480-3544-4E8B-B5CA-F83484BCBD9C}"
EndProject
Project("{FAE04EC0-301F-11D3-BF4B-00C04F79EFBC}") = "Logic", "Logic\Logic.csproj", "{E23EE97B-8B54-4621-865A-BCDEC4DEFF7E}"
EndProject
Project("{FAE04EC0-301F-11D3-BF4B-00C04F79EFBC}") = "DataTransferObjects", "DataTransferObjects\DataTransferObjects.csproj", "{88EF68F8-E286-469D-B0BB-429809F7FA9B}"
EndProject
Global
	GlobalSection(SolutionConfigurationPlatforms) = preSolution
		Debug|Any CPU = Debug|Any CPU
		Release|Any CPU = Release|Any CPU
	EndGlobalSection
	GlobalSection(ProjectConfigurationPlatforms) = postSolution
		{110A4390-972E-4428-89E4-36AB44A5A233}.Debug|Any CPU.ActiveCfg = Debug|Any CPU
		{110A4390-972E-4428-89E4-36AB44A5A233}.Debug|Any CPU.Build.0 = Debug|Any CPU
		{110A4390-972E-4428-89E4-36AB44A5A233}.Release|Any CPU.ActiveCfg = Release|Any CPU
		{110A4390-972E-4428-89E4-36AB44A5A233}.Release|Any CPU.Build.0 = Release|Any CPU
		{7B53C481-53CD-4F3F-BDA7-C74298635CFB}.Debug|Any CPU.ActiveCfg = Debug|Any CPU
		{7B53C481-53CD-4F3F-BDA7-C74298635CFB}.Debug|Any CPU.Build.0 = Debug|Any CPU
		{7B53C481-53CD-4F3F-BDA7-C74298635CFB}.Release|Any CPU.ActiveCfg = Release|Any CPU
		{7B53C481-53CD-4F3F-BDA7-C74298635CFB}.Release|Any CPU.Build.0 = Release|Any CPU
		{930CB480-3544-4E8B-B5CA-F83484BCBD9C}.Debug|Any CPU.ActiveCfg = Debug|Any CPU
		{930CB480-3544-4E8B-B5CA-F83484BCBD9C}.Debug|Any CPU.Build.0 = Debug|Any CPU
		{930CB480-3544-4E8B-B5CA-F83484BCBD9C}.Release|Any CPU.ActiveCfg = Release|Any CPU
		{930CB480-3544-4E8B-B5CA-F83484BCBD9C}.Release|Any CPU.Build.0 = Release|Any CPU
		{E23EE97B-8B54-4621-865A-BCDEC4DEFF7E}.Debug|Any CPU.ActiveCfg = Debug|Any CPU
		{E23EE97B-8B54-4621-865A-BCDEC4DEFF7E}.Debug|Any CPU.Build.0 = Debug|Any CPU
		{E23EE97B-8B54-4621-865A-BCDEC4DEFF7E}.Release|Any CPU.ActiveCfg = Release|Any CPU
		{E23EE97B-8B54-4621-865A-BCDEC4DEFF7E}.Release|Any CPU.Build.0 = Release|Any CPU
		{88EF68F8-E286-469D-B0BB-429809F7FA9B}.Debug|Any CPU.ActiveCfg = Debug|Any CPU
		{88EF68F8-E286-469D-B0BB-429809F7FA9B}.Debug|Any CPU.Build.0 = Debug|Any CPU
		{88EF68F8-E286-469D-B0BB-429809F7FA9B}.Release|Any CPU.ActiveCfg = Release|Any CPU
		{88EF68F8-E286-469D-B0BB-429809F7FA9B}.Release|Any CPU.Build.0 = Release|Any CPU
	EndGlobalSection
	GlobalSection(SolutionProperties) = preSolution
		HideSolutionNode = FALSE
	EndGlobalSection
	GlobalSection(ExtensibilityGlobals) = postSolution
		SolutionGuid = {D20D99CD-56DA-445B-AA18-28370F40F6FB}
	EndGlobalSection
EndGlobal
